// !$*UTF8*$!
{
	archiveVersion = 1;
	classes = {
	};
	objectVersion = 46;
	objects = {

/* Begin PBXBuildFile section */
		92816D6B14D3F86E004322CB /* UIKit.framework in Frameworks */ = {isa = PBXBuildFile; fileRef = 92816D6A14D3F86D004322CB /* UIKit.framework */; };
		92816D6D14D3F86E004322CB /* Foundation.framework in Frameworks */ = {isa = PBXBuildFile; fileRef = 92816D6C14D3F86E004322CB /* Foundation.framework */; };
		92816D6F14D3F86E004322CB /* CoreGraphics.framework in Frameworks */ = {isa = PBXBuildFile; fileRef = 92816D6E14D3F86E004322CB /* CoreGraphics.framework */; };
		92816D7114D3F86E004322CB /* GLKit.framework in Frameworks */ = {isa = PBXBuildFile; fileRef = 92816D7014D3F86E004322CB /* GLKit.framework */; };
		92816D7314D3F86E004322CB /* OpenGLES.framework in Frameworks */ = {isa = PBXBuildFile; fileRef = 92816D7214D3F86E004322CB /* OpenGLES.framework */; };
		92816D7914D3F86E004322CB /* InfoPlist.strings in Resources */ = {isa = PBXBuildFile; fileRef = 92816D7714D3F86E004322CB /* InfoPlist.strings */; };
		92816D7B14D3F86E004322CB /* main.mm in Sources */ = {isa = PBXBuildFile; fileRef = 92816D7A14D3F86E004322CB /* main.mm */; };
		92816D7F14D3F86E004322CB /* AppDelegate.m in Sources */ = {isa = PBXBuildFile; fileRef = 92816D7E14D3F86E004322CB /* AppDelegate.m */; };
		92816D8114D3F86E004322CB /* Shader.fsh in Resources */ = {isa = PBXBuildFile; fileRef = 92816D8014D3F86E004322CB /* Shader.fsh */; };
		92816D8314D3F86E004322CB /* Shader.vsh in Resources */ = {isa = PBXBuildFile; fileRef = 92816D8214D3F86E004322CB /* Shader.vsh */; };
		92816D8614D3F86E004322CB /* ViewController.m in Sources */ = {isa = PBXBuildFile; fileRef = 92816D8514D3F86E004322CB /* ViewController.m */; };
		92816D8914D3F86E004322CB /* ViewController_iPhone.xib in Resources */ = {isa = PBXBuildFile; fileRef = 92816D8714D3F86E004322CB /* ViewController_iPhone.xib */; };
		92816D8C14D3F86E004322CB /* ViewController_iPad.xib in Resources */ = {isa = PBXBuildFile; fileRef = 92816D8A14D3F86E004322CB /* ViewController_iPad.xib */; };
		92816DC714D3FDFB004322CB /* greenlet.c in Sources */ = {isa = PBXBuildFile; fileRef = 92816DB014D3FDFB004322CB /* greenlet.c */; };
		92816DC814D3FDFB004322CB /* LICENSE in Resources */ = {isa = PBXBuildFile; fileRef = 92816DB214D3FDFB004322CB /* LICENSE */; };
		92816DCB14D3FDFB004322CB /* test.cpp in Sources */ = {isa = PBXBuildFile; fileRef = 92816DC514D3FDFB004322CB /* test.cpp */; };
/* End PBXBuildFile section */

/* Begin PBXFileReference section */
		92816D6614D3F86D004322CB /* test.app */ = {isa = PBXFileReference; explicitFileType = wrapper.application; includeInIndex = 0; path = test.app; sourceTree = BUILT_PRODUCTS_DIR; };
		92816D6A14D3F86D004322CB /* UIKit.framework */ = {isa = PBXFileReference; lastKnownFileType = wrapper.framework; name = UIKit.framework; path = System/Library/Frameworks/UIKit.framework; sourceTree = SDKROOT; };
		92816D6C14D3F86E004322CB /* Foundation.framework */ = {isa = PBXFileReference; lastKnownFileType = wrapper.framework; name = Foundation.framework; path = System/Library/Frameworks/Foundation.framework; sourceTree = SDKROOT; };
		92816D6E14D3F86E004322CB /* CoreGraphics.framework */ = {isa = PBXFileReference; lastKnownFileType = wrapper.framework; name = CoreGraphics.framework; path = System/Library/Frameworks/CoreGraphics.framework; sourceTree = SDKROOT; };
		92816D7014D3F86E004322CB /* GLKit.framework */ = {isa = PBXFileReference; lastKnownFileType = wrapper.framework; name = GLKit.framework; path = System/Library/Frameworks/GLKit.framework; sourceTree = SDKROOT; };
		92816D7214D3F86E004322CB /* OpenGLES.framework */ = {isa = PBXFileReference; lastKnownFileType = wrapper.framework; name = OpenGLES.framework; path = System/Library/Frameworks/OpenGLES.framework; sourceTree = SDKROOT; };
		92816D7614D3F86E004322CB /* test-Info.plist */ = {isa = PBXFileReference; lastKnownFileType = text.plist.xml; path = "test-Info.plist"; sourceTree = "<group>"; };
		92816D7814D3F86E004322CB /* en */ = {isa = PBXFileReference; lastKnownFileType = text.plist.strings; name = en; path = en.lproj/InfoPlist.strings; sourceTree = "<group>"; };
		92816D7A14D3F86E004322CB /* main.mm */ = {isa = PBXFileReference; lastKnownFileType = sourcecode.cpp.objcpp; path = main.mm; sourceTree = "<group>"; };
		92816D7C14D3F86E004322CB /* test-Prefix.pch */ = {isa = PBXFileReference; lastKnownFileType = sourcecode.c.h; path = "test-Prefix.pch"; sourceTree = "<group>"; };
		92816D7D14D3F86E004322CB /* AppDelegate.h */ = {isa = PBXFileReference; lastKnownFileType = sourcecode.c.h; path = AppDelegate.h; sourceTree = "<group>"; };
		92816D7E14D3F86E004322CB /* AppDelegate.m */ = {isa = PBXFileReference; lastKnownFileType = sourcecode.c.objc; path = AppDelegate.m; sourceTree = "<group>"; };
		92816D8014D3F86E004322CB /* Shader.fsh */ = {isa = PBXFileReference; lastKnownFileType = sourcecode.glsl; name = Shader.fsh; path = Shaders/Shader.fsh; sourceTree = "<group>"; };
		92816D8214D3F86E004322CB /* Shader.vsh */ = {isa = PBXFileReference; lastKnownFileType = sourcecode.glsl; name = Shader.vsh; path = Shaders/Shader.vsh; sourceTree = "<group>"; };
		92816D8414D3F86E004322CB /* ViewController.h */ = {isa = PBXFileReference; lastKnownFileType = sourcecode.c.h; path = ViewController.h; sourceTree = "<group>"; };
		92816D8514D3F86E004322CB /* ViewController.m */ = {isa = PBXFileReference; lastKnownFileType = sourcecode.c.objc; path = ViewController.m; sourceTree = "<group>"; };
		92816D8814D3F86E004322CB /* en */ = {isa = PBXFileReference; lastKnownFileType = file.xib; name = en; path = en.lproj/ViewController_iPhone.xib; sourceTree = "<group>"; };
		92816D8B14D3F86E004322CB /* en */ = {isa = PBXFileReference; lastKnownFileType = file.xib; name = en; path = en.lproj/ViewController_iPad.xib; sourceTree = "<group>"; };
		92816DB014D3FDFB004322CB /* greenlet.c */ = {isa = PBXFileReference; fileEncoding = 4; lastKnownFileType = sourcecode.c.c; name = greenlet.c; path = "../../../../Volumes/VMware Shared Folders/Download's/greenlets_port/greenlets/greenlet.c"; sourceTree = "<group>"; };
		92816DB114D3FDFB004322CB /* greenlet.h */ = {isa = PBXFileReference; fileEncoding = 4; lastKnownFileType = sourcecode.c.h; name = greenlet.h; path = "../../../../Volumes/VMware Shared Folders/Download's/greenlets_port/greenlets/greenlet.h"; sourceTree = "<group>"; };
		92816DB214D3FDFB004322CB /* LICENSE */ = {isa = PBXFileReference; fileEncoding = 4; lastKnownFileType = text; name = LICENSE; path = "../../../../Volumes/VMware Shared Folders/Download's/greenlets_port/greenlets/LICENSE"; sourceTree = "<group>"; };
		92816DB414D3FDFB004322CB /* switch_amd64_unix.h */ = {isa = PBXFileReference; fileEncoding = 4; lastKnownFileType = sourcecode.c.h; path = switch_amd64_unix.h; sourceTree = "<group>"; };
		92816DB514D3FDFB004322CB /* switch_arm32_gcc.h */ = {isa = PBXFileReference; fileEncoding = 4; lastKnownFileType = sourcecode.c.h; path = switch_arm32_gcc.h; sourceTree = "<group>"; };
		92816DB614D3FDFB004322CB /* switch_arm32_ios.h */ = {isa = PBXFileReference; fileEncoding = 4; lastKnownFileType = sourcecode.c.h; path = switch_arm32_ios.h; sourceTree = "<group>"; };
		92816DB714D3FDFB004322CB /* switch_mips_unix.h */ = {isa = PBXFileReference; fileEncoding = 4; lastKnownFileType = sourcecode.c.h; path = switch_mips_unix.h; sourceTree = "<group>"; };
		92816DB814D3FDFB004322CB /* switch_ppc_aix.h */ = {isa = PBXFileReference; fileEncoding = 4; lastKnownFileType = sourcecode.c.h; path = switch_ppc_aix.h; sourceTree = "<group>"; };
		92816DB914D3FDFB004322CB /* switch_ppc_linux.h */ = {isa = PBXFileReference; fileEncoding = 4; lastKnownFileType = sourcecode.c.h; path = switch_ppc_linux.h; sourceTree = "<group>"; };
		92816DBA14D3FDFB004322CB /* switch_ppc_macosx.h */ = {isa = PBXFileReference; fileEncoding = 4; lastKnownFileType = sourcecode.c.h; path = switch_ppc_macosx.h; sourceTree = "<group>"; };
		92816DBB14D3FDFB004322CB /* switch_ppc_unix.h */ = {isa = PBXFileReference; fileEncoding = 4; lastKnownFileType = sourcecode.c.h; path = switch_ppc_unix.h; sourceTree = "<group>"; };
		92816DBC14D3FDFB004322CB /* switch_s390_unix.h */ = {isa = PBXFileReference; fileEncoding = 4; lastKnownFileType = sourcecode.c.h; path = switch_s390_unix.h; sourceTree = "<group>"; };
		92816DBD14D3FDFB004322CB /* switch_sparc_sun_gcc.h */ = {isa = PBXFileReference; fileEncoding = 4; lastKnownFileType = sourcecode.c.h; path = switch_sparc_sun_gcc.h; sourceTree = "<group>"; };
		92816DC014D3FDFB004322CB /* switch_x64_msvc.h */ = {isa = PBXFileReference; fileEncoding = 4; lastKnownFileType = sourcecode.c.h; path = switch_x64_msvc.h; sourceTree = "<group>"; };
		92816DC114D3FDFB004322CB /* switch_x86_msvc.h */ = {isa = PBXFileReference; fileEncoding = 4; lastKnownFileType = sourcecode.c.h; path = switch_x86_msvc.h; sourceTree = "<group>"; };
		92816DC214D3FDFB004322CB /* switch_x86_unix.h */ = {isa = PBXFileReference; fileEncoding = 4; lastKnownFileType = sourcecode.c.h; path = switch_x86_unix.h; sourceTree = "<group>"; };
		92816DC314D3FDFB004322CB /* slp_platformselect.h */ = {isa = PBXFileReference; fileEncoding = 4; lastKnownFileType = sourcecode.c.h; name = slp_platformselect.h; path = "../../../../Volumes/VMware Shared Folders/Download's/greenlets_port/greenlets/slp_platformselect.h"; sourceTree = "<group>"; };
		92816DC514D3FDFB004322CB /* test.cpp */ = {isa = PBXFileReference; fileEncoding = 4; lastKnownFileType = sourcecode.cpp.cpp; path = test.cpp; sourceTree = "<group>"; };
		92816DC614D3FDFB004322CB /* test.h */ = {isa = PBXFileReference; fileEncoding = 4; lastKnownFileType = sourcecode.c.h; path = test.h; sourceTree = "<group>"; };
/* End PBXFileReference section */

/* Begin PBXFrameworksBuildPhase section */
		92816D6314D3F86D004322CB /* Frameworks */ = {
			isa = PBXFrameworksBuildPhase;
			buildActionMask = 2147483647;
			files = (
				92816D6B14D3F86E004322CB /* UIKit.framework in Frameworks */,
				92816D6D14D3F86E004322CB /* Foundation.framework in Frameworks */,
				92816D6F14D3F86E004322CB /* CoreGraphics.framework in Frameworks */,
				92816D7114D3F86E004322CB /* GLKit.framework in Frameworks */,
				92816D7314D3F86E004322CB /* OpenGLES.framework in Frameworks */,
			);
			runOnlyForDeploymentPostprocessing = 0;
		};
/* End PBXFrameworksBuildPhase section */

/* Begin PBXGroup section */
		92816D5B14D3F86D004322CB = {
			isa = PBXGroup;
			children = (
				92816D7414D3F86E004322CB /* test */,
				92816D6914D3F86D004322CB /* Frameworks */,
				92816D6714D3F86D004322CB /* Products */,
			);
			sourceTree = "<group>";
		};
		92816D6714D3F86D004322CB /* Products */ = {
			isa = PBXGroup;
			children = (
				92816D6614D3F86D004322CB /* test.app */,
			);
			name = Products;
			sourceTree = "<group>";
		};
		92816D6914D3F86D004322CB /* Frameworks */ = {
			isa = PBXGroup;
			children = (
				92816D6A14D3F86D004322CB /* UIKit.framework */,
				92816D6C14D3F86E004322CB /* Foundation.framework */,
				92816D6E14D3F86E004322CB /* CoreGraphics.framework */,
				92816D7014D3F86E004322CB /* GLKit.framework */,
				92816D7214D3F86E004322CB /* OpenGLES.framework */,
			);
			name = Frameworks;
			sourceTree = "<group>";
		};
		92816D7414D3F86E004322CB /* test */ = {
			isa = PBXGroup;
			children = (
				92816DAF14D3FDD7004322CB /* New Group */,
				92816D7D14D3F86E004322CB /* AppDelegate.h */,
				92816D7E14D3F86E004322CB /* AppDelegate.m */,
				92816D8014D3F86E004322CB /* Shader.fsh */,
				92816D8214D3F86E004322CB /* Shader.vsh */,
				92816D8414D3F86E004322CB /* ViewController.h */,
				92816D8514D3F86E004322CB /* ViewController.m */,
				92816D8714D3F86E004322CB /* ViewController_iPhone.xib */,
				92816D8A14D3F86E004322CB /* ViewController_iPad.xib */,
				92816D7514D3F86E004322CB /* Supporting Files */,
			);
			path = test;
			sourceTree = "<group>";
		};
		92816D7514D3F86E004322CB /* Supporting Files */ = {
			isa = PBXGroup;
			children = (
				92816D7614D3F86E004322CB /* test-Info.plist */,
				92816D7714D3F86E004322CB /* InfoPlist.strings */,
				92816D7A14D3F86E004322CB /* main.mm */,
				92816D7C14D3F86E004322CB /* test-Prefix.pch */,
			);
			name = "Supporting Files";
			sourceTree = "<group>";
		};
		92816DAF14D3FDD7004322CB /* New Group */ = {
			isa = PBXGroup;
			children = (
				92816DB014D3FDFB004322CB /* greenlet.c */,
				92816DB114D3FDFB004322CB /* greenlet.h */,
				92816DB214D3FDFB004322CB /* LICENSE */,
				92816DB314D3FDFB004322CB /* platform */,
				92816DC314D3FDFB004322CB /* slp_platformselect.h */,
				92816DC414D3FDFB004322CB /* test */,
			);
			name = "New Group";
			sourceTree = "<group>";
		};
		92816DB314D3FDFB004322CB /* platform */ = {
			isa = PBXGroup;
			children = (
				92816DB414D3FDFB004322CB /* switch_amd64_unix.h */,
				92816DB514D3FDFB004322CB /* switch_arm32_gcc.h */,
				92816DB614D3FDFB004322CB /* switch_arm32_ios.h */,
				92816DB714D3FDFB004322CB /* switch_mips_unix.h */,
				92816DB814D3FDFB004322CB /* switch_ppc_aix.h */,
				92816DB914D3FDFB004322CB /* switch_ppc_linux.h */,
				92816DBA14D3FDFB004322CB /* switch_ppc_macosx.h */,
				92816DBB14D3FDFB004322CB /* switch_ppc_unix.h */,
				92816DBC14D3FDFB004322CB /* switch_s390_unix.h */,
				92816DBD14D3FDFB004322CB /* switch_sparc_sun_gcc.h */,
				92816DC014D3FDFB004322CB /* switch_x64_msvc.h */,
				92816DC114D3FDFB004322CB /* switch_x86_msvc.h */,
				92816DC214D3FDFB004322CB /* switch_x86_unix.h */,
			);
			name = platform;
			path = "../../../../Volumes/VMware Shared Folders/Download's/greenlets_port/greenlets/platform";
			sourceTree = "<group>";
		};
		92816DC414D3FDFB004322CB /* test */ = {
			isa = PBXGroup;
			children = (
				92816DC514D3FDFB004322CB /* test.cpp */,
				92816DC614D3FDFB004322CB /* test.h */,
			);
			name = test;
			path = "../../../../Volumes/VMware Shared Folders/Download's/greenlets_port/greenlets/test";
			sourceTree = "<group>";
		};
/* End PBXGroup section */

/* Begin PBXNativeTarget section */
		92816D6514D3F86D004322CB /* test */ = {
			isa = PBXNativeTarget;
			buildConfigurationList = 92816D8F14D3F86E004322CB /* Build configuration list for PBXNativeTarget "test" */;
			buildPhases = (
				92816D6214D3F86D004322CB /* Sources */,
				92816D6314D3F86D004322CB /* Frameworks */,
				92816D6414D3F86D004322CB /* Resources */,
			);
			buildRules = (
			);
			dependencies = (
			);
			name = test;
			productName = test;
			productReference = 92816D6614D3F86D004322CB /* test.app */;
			productType = "com.apple.product-type.application";
		};
/* End PBXNativeTarget section */

/* Begin PBXProject section */
		92816D5D14D3F86D004322CB /* Project object */ = {
			isa = PBXProject;
			attributes = {
				LastUpgradeCheck = 0420;
			};
			buildConfigurationList = 92816D6014D3F86D004322CB /* Build configuration list for PBXProject "test" */;
			compatibilityVersion = "Xcode 3.2";
			developmentRegion = English;
			hasScannedForEncodings = 0;
			knownRegions = (
				en,
			);
			mainGroup = 92816D5B14D3F86D004322CB;
			productRefGroup = 92816D6714D3F86D004322CB /* Products */;
			projectDirPath = "";
			projectRoot = "";
			targets = (
				92816D6514D3F86D004322CB /* test */,
			);
		};
/* End PBXProject section */

/* Begin PBXResourcesBuildPhase section */
		92816D6414D3F86D004322CB /* Resources */ = {
			isa = PBXResourcesBuildPhase;
			buildActionMask = 2147483647;
			files = (
				92816D7914D3F86E004322CB /* InfoPlist.strings in Resources */,
				92816D8114D3F86E004322CB /* Shader.fsh in Resources */,
				92816D8314D3F86E004322CB /* Shader.vsh in Resources */,
				92816D8914D3F86E004322CB /* ViewController_iPhone.xib in Resources */,
				92816D8C14D3F86E004322CB /* ViewController_iPad.xib in Resources */,
				92816DC814D3FDFB004322CB /* LICENSE in Resources */,
			);
			runOnlyForDeploymentPostprocessing = 0;
		};
/* End PBXResourcesBuildPhase section */

/* Begin PBXSourcesBuildPhase section */
		92816D6214D3F86D004322CB /* Sources */ = {
			isa = PBXSourcesBuildPhase;
			buildActionMask = 2147483647;
			files = (
				92816D7B14D3F86E004322CB /* main.mm in Sources */,
				92816D7F14D3F86E004322CB /* AppDelegate.m in Sources */,
				92816D8614D3F86E004322CB /* ViewController.m in Sources */,
				92816DC714D3FDFB004322CB /* greenlet.c in Sources */,
				92816DCB14D3FDFB004322CB /* test.cpp in Sources */,
			);
			runOnlyForDeploymentPostprocessing = 0;
		};
/* End PBXSourcesBuildPhase section */

/* Begin PBXVariantGroup section */
		92816D7714D3F86E004322CB /* InfoPlist.strings */ = {
			isa = PBXVariantGroup;
			children = (
				92816D7814D3F86E004322CB /* en */,
			);
			name = InfoPlist.strings;
			sourceTree = "<group>";
		};
		92816D8714D3F86E004322CB /* ViewController_iPhone.xib */ = {
			isa = PBXVariantGroup;
			children = (
				92816D8814D3F86E004322CB /* en */,
			);
			name = ViewController_iPhone.xib;
			sourceTree = "<group>";
		};
		92816D8A14D3F86E004322CB /* ViewController_iPad.xib */ = {
			isa = PBXVariantGroup;
			children = (
				92816D8B14D3F86E004322CB /* en */,
			);
			name = ViewController_iPad.xib;
			sourceTree = "<group>";
		};
/* End PBXVariantGroup section */

/* Begin XCBuildConfiguration section */
		92816D8D14D3F86E004322CB /* Debug */ = {
			isa = XCBuildConfiguration;
			buildSettings = {
				ALWAYS_SEARCH_USER_PATHS = NO;
				ARCHS = "$(ARCHS_STANDARD_32_BIT)";
				CLANG_ENABLE_OBJC_ARC = YES;
				"CODE_SIGN_IDENTITY[sdk=iphoneos*]" = "iPhone Developer";
				COPY_PHASE_STRIP = NO;
				GCC_C_LANGUAGE_STANDARD = gnu99;
				GCC_DYNAMIC_NO_PIC = NO;
				GCC_OPTIMIZATION_LEVEL = 0;
				GCC_PREPROCESSOR_DEFINITIONS = (
					"DEBUG=1",
					"$(inherited)",
				);
				GCC_SYMBOLS_PRIVATE_EXTERN = NO;
				GCC_VERSION = com.apple.compilers.llvm.clang.1_0;
				GCC_WARN_ABOUT_MISSING_PROTOTYPES = YES;
				GCC_WARN_ABOUT_RETURN_TYPE = YES;
				GCC_WARN_UNUSED_VARIABLE = YES;
				IPHONEOS_DEPLOYMENT_TARGET = 5.0;
				SDKROOT = iphoneos;
				TARGETED_DEVICE_FAMILY = "1,2";
			};
			name = Debug;
		};
		92816D8E14D3F86E004322CB /* Release */ = {
			isa = XCBuildConfiguration;
			buildSettings = {
				ALWAYS_SEARCH_USER_PATHS = NO;
				ARCHS = "$(ARCHS_STANDARD_32_BIT)";
				CLANG_ENABLE_OBJC_ARC = YES;
				"CODE_SIGN_IDENTITY[sdk=iphoneos*]" = "iPhone Developer";
				COPY_PHASE_STRIP = YES;
				GCC_C_LANGUAGE_STANDARD = gnu99;
				GCC_VERSION = com.apple.compilers.llvm.clang.1_0;
				GCC_WARN_ABOUT_MISSING_PROTOTYPES = YES;
				GCC_WARN_ABOUT_RETURN_TYPE = YES;
				GCC_WARN_UNUSED_VARIABLE = YES;
				IPHONEOS_DEPLOYMENT_TARGET = 5.0;
				OTHER_CFLAGS = "-DNS_BLOCK_ASSERTIONS=1";
				SDKROOT = iphoneos;
				TARGETED_DEVICE_FAMILY = "1,2";
				VALIDATE_PRODUCT = YES;
			};
			name = Release;
		};
		92816D9014D3F86E004322CB /* Debug */ = {
			isa = XCBuildConfiguration;
			buildSettings = {
				GCC_PRECOMPILE_PREFIX_HEADER = YES;
				GCC_PREFIX_HEADER = "test/test-Prefix.pch";
				"GCC_THUMB_SUPPORT[arch=armv6]" = "";
				INFOPLIST_FILE = "test/test-Info.plist";
				PRODUCT_NAME = "$(TARGET_NAME)";
				WRAPPER_EXTENSION = app;
			};
			name = Debug;
		};
		92816D9114D3F86E004322CB /* Release */ = {
			isa = XCBuildConfiguration;
			buildSettings = {
				GCC_PRECOMPILE_PREFIX_HEADER = YES;
				GCC_PREFIX_HEADER = "test/test-Prefix.pch";
				"GCC_THUMB_SUPPORT[arch=armv6]" = "";
				INFOPLIST_FILE = "test/test-Info.plist";
				PRODUCT_NAME = "$(TARGET_NAME)";
				WRAPPER_EXTENSION = app;
			};
			name = Release;
		};
/* End XCBuildConfiguration section */

/* Begin XCConfigurationList section */
		92816D6014D3F86D004322CB /* Build configuration list for PBXProject "test" */ = {
			isa = XCConfigurationList;
			buildConfigurations = (
				92816D8D14D3F86E004322CB /* Debug */,
				92816D8E14D3F86E004322CB /* Release */,
			);
			defaultConfigurationIsVisible = 0;
			defaultConfigurationName = Release;
		};
		92816D8F14D3F86E004322CB /* Build configuration list for PBXNativeTarget "test" */ = {
			isa = XCConfigurationList;
			buildConfigurations = (
				92816D9014D3F86E004322CB /* Debug */,
				92816D9114D3F86E004322CB /* Release */,
			);
			defaultConfigurationIsVisible = 0;
		};
/* End XCConfigurationList section */
	};
	rootObject = 92816D5D14D3F86D004322CB /* Project object */;
}
