<?xml version="1.0" encoding="utf-8"?>
<Project ToolsVersion="4.0" xmlns="http://schemas.microsoft.com/developer/msbuild/2003">
  <ItemGroup>
    <Filter Include="Source Files">
      <UniqueIdentifier>{4FC737F1-C7A5-4376-A066-2A32D752A2FF}</UniqueIdentifier>
      <Extensions>cpp;c;cc;cxx;def;odl;idl;hpj;bat;asm;asmx</Extensions>
    </Filter>
    <Filter Include="Header Files">
      <UniqueIdentifier>{93995380-89BD-4b04-88EB-625FBE52EBFB}</UniqueIdentifier>
      <Extensions>h;hpp;hxx;hm;inl;inc;xsd</Extensions>
    </Filter>
    <Filter Include="Resource Files">
      <UniqueIdentifier>{67DA6AB6-F800-4c08-8B7A-83BB121AAD01}</UniqueIdentifier>
      <Extensions>rc;ico;cur;bmp;dlg;rc2;rct;bin;rgs;gif;jpg;jpeg;jpe;resx;tiff;tif;png;wav;mfcribbon-ms</Extensions>
    </Filter>
  </ItemGroup>
  <ItemGroup>
    <ClCompile Include="../src/Counter.cpp">
      <Filter>Source Files</Filter>
    </ClCompile>
    <ClCompile Include="../src/entry_point.cpp">
      <Filter>Source Files</Filter>
    </ClCompile>
    <ClCompile Include="../src/example.cpp">
      <Filter>Source Files</Filter>
    </ClCompile>
    <ClCompile Include="../src/test.cpp">
      <Filter>Source Files</Filter>
    </ClCompile>
  </ItemGroup>
  <ItemGroup>
    <ClInclude Include="../src/Counter.h">
      <Filter>Header Files</Filter>
    </ClInclude>
    <ClInclude Include="../src/TestAlphaHitTest.h">
      <Filter>Header Files</Filter>
    </ClInclude>
    <ClInclude Include="../src/TestBox9Sprite.h">
      <Filter>Header Files</Filter>
    </ClInclude>
    <ClInclude Include="../src/TestClipRect.h">
      <Filter>Header Files</Filter>
    </ClInclude>
    <ClInclude Include="../src/TestCounter.h">
      <Filter>Header Files</Filter>
    </ClInclude>
    <ClInclude Include="../src/TestDrag.h">
      <Filter>Header Files</Filter>
    </ClInclude>
    <ClInclude Include="../src/TestHttp.h">
      <Filter>Header Files</Filter>
    </ClInclude>
    <ClInclude Include="../src/TestInputText.h">
      <Filter>Header Files</Filter>
    </ClInclude>
    <ClInclude Include="../src/TestManageRes.h">
      <Filter>Header Files</Filter>
    </ClInclude>
    <ClInclude Include="../src/TestMask.h">
      <Filter>Header Files</Filter>
    </ClInclude>
    <ClInclude Include="../src/TestPerf.h">
      <Filter>Header Files</Filter>
    </ClInclude>
    <ClInclude Include="../src/TestPolygon.h">
      <Filter>Header Files</Filter>
    </ClInclude>
    <ClInclude Include="../src/TestProgressBar.h">
      <Filter>Header Files</Filter>
    </ClInclude>
    <ClInclude Include="../src/TestRender2Texture.h">
      <Filter>Header Files</Filter>
    </ClInclude>
    <ClInclude Include="../src/TestSliding.h">
      <Filter>Header Files</Filter>
    </ClInclude>
    <ClInclude Include="../src/TestTexel2Pixel.h">
      <Filter>Header Files</Filter>
    </ClInclude>
    <ClInclude Include="../src/TestText.h">
      <Filter>Header Files</Filter>
    </ClInclude>
    <ClInclude Include="../src/TestTextureFormat.h">
      <Filter>Header Files</Filter>
    </ClInclude>
    <ClInclude Include="../src/TestTweenShine.h">
      <Filter>Header Files</Filter>
    </ClInclude>
    <ClInclude Include="../src/TestTweenText.h">
      <Filter>Header Files</Filter>
    </ClInclude>
    <ClInclude Include="../src/TestTweens.h">
      <Filter>Header Files</Filter>
    </ClInclude>
    <ClInclude Include="../src/TestUserShader.h">
      <Filter>Header Files</Filter>
    </ClInclude>
    <ClInclude Include="../src/TestUserShader2.h">
      <Filter>Header Files</Filter>
    </ClInclude>
    <ClInclude Include="../src/example.h">
      <Filter>Header Files</Filter>
    </ClInclude>
    <ClInclude Include="../src/test.h">
      <Filter>Header Files</Filter>
    </ClInclude>
    <ClInclude Include="..\src\TestTouches.h">
      <Filter>Header Files</Filter>
    </ClInclude>
    <ClInclude Include="..\src\TestColorFont.h">
      <Filter>Header Files</Filter>
    </ClInclude>
  </ItemGroup>
</Project>