<?xml version="1.0" encoding="utf-8"?>
<Project ToolsVersion="4.0" xmlns="http://schemas.microsoft.com/developer/msbuild/2003">
  <ItemGroup>
    <Filter Include="src">
      <UniqueIdentifier>{40a4006a-401e-4792-946f-769e3c8c21af}</UniqueIdentifier>
    </Filter>
    <Filter Include="src\closure">
      <UniqueIdentifier>{55ec68cd-ffdd-436d-bc68-7765c8dfeeac}</UniqueIdentifier>
    </Filter>
    <Filter Include="src\core">
      <UniqueIdentifier>{b2a01828-8a53-407a-b24a-3f287504f357}</UniqueIdentifier>
    </Filter>
    <Filter Include="src\math">
      <UniqueIdentifier>{339db1d5-9ead-46ce-ab8d-1e3a0d5d9676}</UniqueIdentifier>
    </Filter>
    <Filter Include="src\pugi">
      <UniqueIdentifier>{c3ffd2db-6929-462c-bf67-8b3ea0a098ef}</UniqueIdentifier>
    </Filter>
    <Filter Include="src\utils">
      <UniqueIdentifier>{58d9286e-925e-4368-8790-9d4d79bd85c0}</UniqueIdentifier>
    </Filter>
    <Filter Include="src\winnie_alloc">
      <UniqueIdentifier>{fa541539-b6e5-433e-b100-978d94de0a0d}</UniqueIdentifier>
    </Filter>
    <Filter Include="src\res">
      <UniqueIdentifier>{18bec777-8592-44da-9495-72a4cdb72f88}</UniqueIdentifier>
    </Filter>
    <Filter Include="third_party">
      <UniqueIdentifier>{ab1704c4-3d14-4c1b-9dee-9ea7374b2d6f}</UniqueIdentifier>
    </Filter>
    <Filter Include="src\text">
      <UniqueIdentifier>{e57c8d6a-dca6-43ca-a381-36a669b001c9}</UniqueIdentifier>
    </Filter>
    <Filter Include="src\dev_tools">
      <UniqueIdentifier>{820c9e24-c789-4cb7-a04f-7b1d6709ee74}</UniqueIdentifier>
    </Filter>
    <Filter Include="src\gl">
      <UniqueIdentifier>{b8f36a93-6b35-4120-adb9-ac1ae693b774}</UniqueIdentifier>
    </Filter>
    <Filter Include="src\minizip">
      <UniqueIdentifier>{164d853c-2678-421b-982f-073d6b5ebb1d}</UniqueIdentifier>
    </Filter>
    <Filter Include="src\core\curl">
      <UniqueIdentifier>{14e0f6bd-fc8b-4504-87bb-84301453e184}</UniqueIdentifier>
    </Filter>
    <Filter Include="src\json">
      <UniqueIdentifier>{5363bb12-7b88-4a51-8310-818b944e0238}</UniqueIdentifier>
    </Filter>
  </ItemGroup>
  <ItemGroup>
    <ClCompile Include="..\..\src\math\AffineTransform.cpp">
      <Filter>src\math</Filter>
    </ClCompile>
    <ClCompile Include="..\..\src\pugixml\pugixml.cpp">
      <Filter>src\pugi</Filter>
    </ClCompile>
    <ClCompile Include="..\..\src\utils\AtlasTool.cpp">
      <Filter>src\utils</Filter>
    </ClCompile>
    <ClCompile Include="..\..\src\utils\ImageUtils.cpp">
      <Filter>src\utils</Filter>
    </ClCompile>
    <ClCompile Include="..\..\src\winnie_alloc\system_alloc.cpp">
      <Filter>src\winnie_alloc</Filter>
    </ClCompile>
    <ClCompile Include="..\..\src\winnie_alloc\winnie_alloc.cpp">
      <Filter>src\winnie_alloc</Filter>
    </ClCompile>
    <ClCompile Include="..\..\src\res\ResAnim.cpp">
      <Filter>src\res</Filter>
    </ClCompile>
    <ClCompile Include="..\..\src\res\ResAtlas.cpp">
      <Filter>src\res</Filter>
    </ClCompile>
    <ClCompile Include="..\..\src\res\ResBuffer.cpp">
      <Filter>src\res</Filter>
    </ClCompile>
    <ClCompile Include="..\..\src\res\ResFont.cpp">
      <Filter>src\res</Filter>
    </ClCompile>
    <ClCompile Include="..\..\src\res\ResFontBM.cpp">
      <Filter>src\res</Filter>
    </ClCompile>
    <ClCompile Include="..\..\src\res\Resource.cpp">
      <Filter>src\res</Filter>
    </ClCompile>
    <ClCompile Include="..\..\src\res\Resources.cpp">
      <Filter>src\res</Filter>
    </ClCompile>
    <ClCompile Include="..\..\src\utils\stringUtils.cpp">
      <Filter>src\utils</Filter>
    </ClCompile>
    <ClCompile Include="..\..\src\res\ResStarlingAtlas.cpp">
      <Filter>src\res</Filter>
    </ClCompile>
    <ClCompile Include="..\..\src\text_utils\Aligner.cpp">
      <Filter>src\text</Filter>
    </ClCompile>
    <ClCompile Include="..\..\src\text_utils\Node.cpp">
      <Filter>src\text</Filter>
    </ClCompile>
    <ClCompile Include="..\..\src\text_utils\TextBuilder.cpp">
      <Filter>src\text</Filter>
    </ClCompile>
    <ClCompile Include="..\..\src\dev_tools\DeveloperMenu.cpp">
      <Filter>src\dev_tools</Filter>
    </ClCompile>
    <ClCompile Include="..\..\src\dev_tools\TexturesInspector.cpp">
      <Filter>src\dev_tools</Filter>
    </ClCompile>
    <ClCompile Include="..\..\src\dev_tools\TreeInspector.cpp">
      <Filter>src\dev_tools</Filter>
    </ClCompile>
    <ClCompile Include="..\..\src\dev_tools\TreeInspectorLine.cpp">
      <Filter>src\dev_tools</Filter>
    </ClCompile>
    <ClCompile Include="..\..\src\dev_tools\TreeInspectorPage.cpp">
      <Filter>src\dev_tools</Filter>
    </ClCompile>
    <ClCompile Include="..\..\src\dev_tools\TreeInspectorPreview.cpp">
      <Filter>src\dev_tools</Filter>
    </ClCompile>
    <ClCompile Include="..\..\src\core\gl\NativeTextureGLES.cpp">
      <Filter>src\gl</Filter>
    </ClCompile>
    <ClCompile Include="..\..\src\core\gl\oxgl.cpp">
      <Filter>src\gl</Filter>
    </ClCompile>
    <ClCompile Include="..\..\src\core\gl\VideoDriverGLES20.cpp">
      <Filter>src\gl</Filter>
    </ClCompile>
    <ClCompile Include="..\..\src\core\gl\VertexDeclarationGL.cpp">
      <Filter>src\gl</Filter>
    </ClCompile>
    <ClCompile Include="..\..\src\core\gl\VideoDriverGL.cpp">
      <Filter>src\gl</Filter>
    </ClCompile>
    <ClCompile Include="..\..\src\core\coroutines.cpp">
      <Filter>src\core</Filter>
    </ClCompile>
    <ClCompile Include="..\..\src\core\file.cpp">
      <Filter>src\core</Filter>
    </ClCompile>
    <ClCompile Include="..\..\src\core\FileSystem.cpp">
      <Filter>src\core</Filter>
    </ClCompile>
    <ClCompile Include="..\..\src\core\ImageData.cpp">
      <Filter>src\core</Filter>
    </ClCompile>
    <ClCompile Include="..\..\src\core\ImageDataOperations.cpp">
      <Filter>src\core</Filter>
    </ClCompile>
    <ClCompile Include="..\..\src\core\log.cpp">
      <Filter>src\core</Filter>
    </ClCompile>
    <ClCompile Include="..\..\src\core\Mem2Native.cpp">
      <Filter>src\core</Filter>
    </ClCompile>
    <ClCompile Include="..\..\src\core\Mutex.cpp">
      <Filter>src\core</Filter>
    </ClCompile>
    <ClCompile Include="..\..\src\core\NativeTexture.cpp">
      <Filter>src\core</Filter>
    </ClCompile>
    <ClCompile Include="..\..\src\core\Object.cpp">
      <Filter>src\core</Filter>
    </ClCompile>
    <ClCompile Include="..\..\src\core\oxygine.cpp">
      <Filter>src\core</Filter>
    </ClCompile>
    <ClCompile Include="..\..\src\core\Renderer.cpp">
      <Filter>src\core</Filter>
    </ClCompile>
    <ClCompile Include="..\..\src\core\STDFileSystem.cpp">
      <Filter>src\core</Filter>
    </ClCompile>
    <ClCompile Include="..\..\src\core\system_data.cpp">
      <Filter>src\core</Filter>
    </ClCompile>
    <ClCompile Include="..\..\src\core\Texture.cpp">
      <Filter>src\core</Filter>
    </ClCompile>
    <ClCompile Include="..\..\src\core\VideoDriver.cpp">
      <Filter>src\core</Filter>
    </ClCompile>
    <ClCompile Include="..\..\src\core\ZipFileSystem.cpp">
      <Filter>src\core</Filter>
    </ClCompile>
    <ClCompile Include="..\..\src\minizip\ioapi.c">
      <Filter>src\minizip</Filter>
    </ClCompile>
    <ClCompile Include="..\..\src\minizip\ioapi_mem.c">
      <Filter>src\minizip</Filter>
    </ClCompile>
    <ClCompile Include="..\..\src\minizip\unzip.c">
      <Filter>src\minizip</Filter>
    </ClCompile>
    <ClCompile Include="..\..\src\Actor.cpp">
      <Filter>src</Filter>
    </ClCompile>
    <ClCompile Include="..\..\src\AnimationFrame.cpp">
      <Filter>src</Filter>
    </ClCompile>
    <ClCompile Include="..\..\src\Blocking.cpp">
      <Filter>src</Filter>
    </ClCompile>
    <ClCompile Include="..\..\src\Box9Sprite.cpp">
      <Filter>src</Filter>
    </ClCompile>
    <ClCompile Include="..\..\src\Button.cpp">
      <Filter>src</Filter>
    </ClCompile>
    <ClCompile Include="..\..\src\ClipRectActor.cpp">
      <Filter>src</Filter>
    </ClCompile>
    <ClCompile Include="..\..\src\Clock.cpp">
      <Filter>src</Filter>
    </ClCompile>
    <ClCompile Include="..\..\src\ColorRectSprite.cpp">
      <Filter>src</Filter>
    </ClCompile>
    <ClCompile Include="..\..\src\DebugActor.cpp">
      <Filter>src</Filter>
    </ClCompile>
    <ClCompile Include="..\..\src\Draggable.cpp">
      <Filter>src</Filter>
    </ClCompile>
    <ClCompile Include="..\..\src\EventDispatcher.cpp">
      <Filter>src</Filter>
    </ClCompile>
    <ClCompile Include="..\..\src\Font.cpp">
      <Filter>src</Filter>
    </ClCompile>
    <ClCompile Include="..\..\src\Input.cpp">
      <Filter>src</Filter>
    </ClCompile>
    <ClCompile Include="..\..\src\MaskedSprite.cpp">
      <Filter>src</Filter>
    </ClCompile>
    <ClCompile Include="..\..\src\MemoryTexture.cpp">
      <Filter>src</Filter>
    </ClCompile>
    <ClCompile Include="..\..\src\PointerState.cpp">
      <Filter>src</Filter>
    </ClCompile>
    <ClCompile Include="..\..\src\ProgressBar.cpp">
      <Filter>src</Filter>
    </ClCompile>
    <ClCompile Include="..\..\src\SlidingActor.cpp">
      <Filter>src</Filter>
    </ClCompile>
    <ClCompile Include="..\..\src\Sprite.cpp">
      <Filter>src</Filter>
    </ClCompile>
    <ClCompile Include="..\..\src\VisualStyle.cpp">
      <Filter>src</Filter>
    </ClCompile>
    <ClCompile Include="..\..\src\core\Restorable.cpp">
      <Filter>src\core</Filter>
    </ClCompile>
    <ClCompile Include="..\..\src\res\CreateResourceContext.cpp">
      <Filter>src\res</Filter>
    </ClCompile>
    <ClCompile Include="..\..\src\core\UberShaderProgram.cpp">
      <Filter>src\core</Filter>
    </ClCompile>
    <ClCompile Include="..\..\src\core\gl\ShaderProgramGL.cpp">
      <Filter>src\gl</Filter>
    </ClCompile>
    <ClCompile Include="..\..\src\InputText.cpp">
      <Filter>src</Filter>
    </ClCompile>
    <ClCompile Include="..\..\src\TextField.cpp">
      <Filter>src</Filter>
    </ClCompile>
    <ClCompile Include="..\..\src\Stage.cpp">
      <Filter>src</Filter>
    </ClCompile>
    <ClCompile Include="..\..\src\Polygon.cpp">
      <Filter>src</Filter>
    </ClCompile>
    <ClCompile Include="..\..\src\STDRenderer.cpp">
      <Filter>src</Filter>
    </ClCompile>
    <ClCompile Include="..\..\src\MaskedRenderer.cpp">
      <Filter>src</Filter>
    </ClCompile>
    <ClCompile Include="..\..\src\TweenQueue.cpp">
      <Filter>src</Filter>
    </ClCompile>
    <ClCompile Include="..\..\src\Tween.cpp">
      <Filter>src</Filter>
    </ClCompile>
    <ClCompile Include="..\..\src\Serializable.cpp">
      <Filter>src</Filter>
    </ClCompile>
    <ClCompile Include="..\..\src\Serialize.cpp">
      <Filter>src</Filter>
    </ClCompile>
    <ClCompile Include="..\..\src\AsyncTask.cpp">
      <Filter>src</Filter>
    </ClCompile>
    <ClCompile Include="..\..\src\WebImage.cpp">
      <Filter>src</Filter>
    </ClCompile>
    <ClCompile Include="..\..\src\HttpRequestTask.cpp">
      <Filter>src</Filter>
    </ClCompile>
    <ClCompile Include="..\..\src\core\curl\HttpRequestCurlTask.cpp">
      <Filter>src\core\curl</Filter>
    </ClCompile>
    <ClCompile Include="..\..\src\TweenAnim.cpp">
      <Filter>src</Filter>
    </ClCompile>
    <ClCompile Include="..\..\src\utils\cdecode.c">
      <Filter>src\utils</Filter>
    </ClCompile>
    <ClCompile Include="..\..\src\json\jsoncpp.cpp">
      <Filter>src\json</Filter>
    </ClCompile>
    <ClCompile Include="..\..\src\STDMaterial.cpp">
      <Filter>src</Filter>
    </ClCompile>
    <ClCompile Include="..\..\src\TweenAlphaFade.cpp">
      <Filter>src</Filter>
    </ClCompile>
    <ClCompile Include="..\..\src\Material.cpp">
      <Filter>src</Filter>
    </ClCompile>
    <ClCompile Include="..\..\src\res\ResAtlasGeneric.cpp">
      <Filter>src\res</Filter>
    </ClCompile>
    <ClCompile Include="..\..\src\res\ResAtlasPrebuilt.cpp">
      <Filter>src\res</Filter>
    </ClCompile>
    <ClCompile Include="..\..\src\ThreadLoader.cpp">
      <Filter>src</Filter>
    </ClCompile>
    <ClCompile Include="..\..\src\PostProcess.cpp">
      <Filter>src</Filter>
    </ClCompile>
    <ClCompile Include="..\..\src\TweenOutline.cpp">
      <Filter>src</Filter>
    </ClCompile>
    <ClCompile Include="..\..\src\core\ThreadDispatcher.cpp">
      <Filter>src\core</Filter>
    </ClCompile>
  </ItemGroup>
  <ItemGroup>
    <ClInclude Include="..\..\src\closure\closure.h">
      <Filter>src\closure</Filter>
    </ClInclude>
    <ClInclude Include="..\..\src\closure\closure_impl.h">
      <Filter>src\closure</Filter>
    </ClInclude>
    <ClInclude Include="..\..\src\math\AffineTransform.h">
      <Filter>src\math</Filter>
    </ClInclude>
    <ClInclude Include="..\..\src\math\Color.h">
      <Filter>src\math</Filter>
    </ClInclude>
    <ClInclude Include="..\..\src\math\matrix.h">
      <Filter>src\math</Filter>
    </ClInclude>
    <ClInclude Include="..\..\src\math\Rect.h">
      <Filter>src\math</Filter>
    </ClInclude>
    <ClInclude Include="..\..\src\math\ScalarMath.h">
      <Filter>src\math</Filter>
    </ClInclude>
    <ClInclude Include="..\..\src\math\vector2.h">
      <Filter>src\math</Filter>
    </ClInclude>
    <ClInclude Include="..\..\src\math\vector3.h">
      <Filter>src\math</Filter>
    </ClInclude>
    <ClInclude Include="..\..\src\math\vector4.h">
      <Filter>src\math</Filter>
    </ClInclude>
    <ClInclude Include="..\..\src\pugixml\pugiconfig.hpp">
      <Filter>src\pugi</Filter>
    </ClInclude>
    <ClInclude Include="..\..\src\pugixml\pugixml.hpp">
      <Filter>src\pugi</Filter>
    </ClInclude>
    <ClInclude Include="..\..\src\utils\AtlasTool.h">
      <Filter>src\utils</Filter>
    </ClInclude>
    <ClInclude Include="..\..\src\utils\ImageUtils.h">
      <Filter>src\utils</Filter>
    </ClInclude>
    <ClInclude Include="..\..\src\utils\intrusive_list.h">
      <Filter>src\utils</Filter>
    </ClInclude>
    <ClInclude Include="..\..\src\winnie_alloc\system_alloc.h">
      <Filter>src\winnie_alloc</Filter>
    </ClInclude>
    <ClInclude Include="..\..\src\winnie_alloc\winnie_alloc.h">
      <Filter>src\winnie_alloc</Filter>
    </ClInclude>
    <ClInclude Include="..\..\src\winnie_alloc\winnie_alloc_config.h">
      <Filter>src\winnie_alloc</Filter>
    </ClInclude>
    <ClInclude Include="..\..\src\res\CreateResourceContext.h">
      <Filter>src\res</Filter>
    </ClInclude>
    <ClInclude Include="..\..\src\res\ResAnim.h">
      <Filter>src\res</Filter>
    </ClInclude>
    <ClInclude Include="..\..\src\res\ResAtlas.h">
      <Filter>src\res</Filter>
    </ClInclude>
    <ClInclude Include="..\..\src\res\ResBuffer.h">
      <Filter>src\res</Filter>
    </ClInclude>
    <ClInclude Include="..\..\src\res\ResFont.h">
      <Filter>src\res</Filter>
    </ClInclude>
    <ClInclude Include="..\..\src\res\ResFontBM.h">
      <Filter>src\res</Filter>
    </ClInclude>
    <ClInclude Include="..\..\src\res\Resource.h">
      <Filter>src\res</Filter>
    </ClInclude>
    <ClInclude Include="..\..\src\res\Resources.h">
      <Filter>src\res</Filter>
    </ClInclude>
    <ClInclude Include="..\..\src\utils\stringUtils.h">
      <Filter>src\utils</Filter>
    </ClInclude>
    <ClInclude Include="..\..\src\res\ResStarlingAtlas.h">
      <Filter>src\res</Filter>
    </ClInclude>
    <ClInclude Include="..\..\src\text_utils\Aligner.h">
      <Filter>src\text</Filter>
    </ClInclude>
    <ClInclude Include="..\..\src\text_utils\Node.h">
      <Filter>src\text</Filter>
    </ClInclude>
    <ClInclude Include="..\..\src\text_utils\TextBuilder.h">
      <Filter>src\text</Filter>
    </ClInclude>
    <ClInclude Include="..\..\src\dev_tools\DeveloperMenu.h">
      <Filter>src\dev_tools</Filter>
    </ClInclude>
    <ClInclude Include="..\..\src\dev_tools\TexturesInspector.h">
      <Filter>src\dev_tools</Filter>
    </ClInclude>
    <ClInclude Include="..\..\src\dev_tools\TreeInspector.h">
      <Filter>src\dev_tools</Filter>
    </ClInclude>
    <ClInclude Include="..\..\src\dev_tools\TreeInspectorLine.h">
      <Filter>src\dev_tools</Filter>
    </ClInclude>
    <ClInclude Include="..\..\src\dev_tools\TreeInspectorPage.h">
      <Filter>src\dev_tools</Filter>
    </ClInclude>
    <ClInclude Include="..\..\src\dev_tools\TreeInspectorPreview.h">
      <Filter>src\dev_tools</Filter>
    </ClInclude>
    <ClInclude Include="..\..\src\core\gl\NativeTextureGLES.h">
      <Filter>src\gl</Filter>
    </ClInclude>
    <ClInclude Include="..\..\src\core\gl\oxgl.h">
      <Filter>src\gl</Filter>
    </ClInclude>
    <ClInclude Include="..\..\src\core\gl\VideoDriverGLES20.h">
      <Filter>src\gl</Filter>
    </ClInclude>
    <ClInclude Include="..\..\src\core\gl\VertexDeclarationGL.h">
      <Filter>src\gl</Filter>
    </ClInclude>
    <ClInclude Include="..\..\src\core\gl\VideoDriverGL.h">
      <Filter>src\gl</Filter>
    </ClInclude>
    <ClInclude Include="..\..\src\core\coroutines.h">
      <Filter>src\core</Filter>
    </ClInclude>
    <ClInclude Include="..\..\src\core\file.h">
      <Filter>src\core</Filter>
    </ClInclude>
    <ClInclude Include="..\..\src\core\FileSystem.h">
      <Filter>src\core</Filter>
    </ClInclude>
    <ClInclude Include="..\..\src\core\ImageData.h">
      <Filter>src\core</Filter>
    </ClInclude>
    <ClInclude Include="..\..\src\core\ImageDataOperations.h">
      <Filter>src\core</Filter>
    </ClInclude>
    <ClInclude Include="..\..\src\core\intrusive_ptr.h">
      <Filter>src\core</Filter>
    </ClInclude>
    <ClInclude Include="..\..\src\core\log.h">
      <Filter>src\core</Filter>
    </ClInclude>
    <ClInclude Include="..\..\src\core\Mem2Native.h">
      <Filter>src\core</Filter>
    </ClInclude>
    <ClInclude Include="..\..\src\core\Mutex.h">
      <Filter>src\core</Filter>
    </ClInclude>
    <ClInclude Include="..\..\src\core\NativeTexture.h">
      <Filter>src\core</Filter>
    </ClInclude>
    <ClInclude Include="..\..\src\core\Object.h">
      <Filter>src\core</Filter>
    </ClInclude>
    <ClInclude Include="..\..\src\core\ox_debug.h">
      <Filter>src\core</Filter>
    </ClInclude>
    <ClInclude Include="..\..\src\core\oxygine.h">
      <Filter>src\core</Filter>
    </ClInclude>
    <ClInclude Include="..\..\src\core\pixel.h">
      <Filter>src\core</Filter>
    </ClInclude>
    <ClInclude Include="..\..\src\core\ref_counter.h">
      <Filter>src\core</Filter>
    </ClInclude>
    <ClInclude Include="..\..\src\core\Renderer.h">
      <Filter>src\core</Filter>
    </ClInclude>
    <ClInclude Include="..\..\src\core\ShaderProgram.h">
      <Filter>src\core</Filter>
    </ClInclude>
    <ClInclude Include="..\..\src\core\STDFileSystem.h">
      <Filter>src\core</Filter>
    </ClInclude>
    <ClInclude Include="..\..\src\core\system_data.h">
      <Filter>src\core</Filter>
    </ClInclude>
    <ClInclude Include="..\..\src\core\Texture.h">
      <Filter>src\core</Filter>
    </ClInclude>
    <ClInclude Include="..\..\src\core\vertex.h">
      <Filter>src\core</Filter>
    </ClInclude>
    <ClInclude Include="..\..\src\core\VertexDeclaration.h">
      <Filter>src\core</Filter>
    </ClInclude>
    <ClInclude Include="..\..\src\core\VideoDriver.h">
      <Filter>src\core</Filter>
    </ClInclude>
    <ClInclude Include="..\..\src\core\ZipFileSystem.h">
      <Filter>src\core</Filter>
    </ClInclude>
    <ClInclude Include="..\..\src\minizip\ioapi.h">
      <Filter>src\minizip</Filter>
    </ClInclude>
    <ClInclude Include="..\..\src\minizip\ioapi_mem.h">
      <Filter>src\minizip</Filter>
    </ClInclude>
    <ClInclude Include="..\..\src\minizip\unzip.h">
      <Filter>src\minizip</Filter>
    </ClInclude>
    <ClInclude Include="..\..\src\Actor.h">
      <Filter>src</Filter>
    </ClInclude>
    <ClInclude Include="..\..\src\AnimationFrame.h">
      <Filter>src</Filter>
    </ClInclude>
    <ClInclude Include="..\..\src\Blocking.h">
      <Filter>src</Filter>
    </ClInclude>
    <ClInclude Include="..\..\src\Box9Sprite.h">
      <Filter>src</Filter>
    </ClInclude>
    <ClInclude Include="..\..\src\Button.h">
      <Filter>src</Filter>
    </ClInclude>
    <ClInclude Include="..\..\src\ClipRectActor.h">
      <Filter>src</Filter>
    </ClInclude>
    <ClInclude Include="..\..\src\Clock.h">
      <Filter>src</Filter>
    </ClInclude>
    <ClInclude Include="..\..\src\ColorRectSprite.h">
      <Filter>src</Filter>
    </ClInclude>
    <ClInclude Include="..\..\src\DebugActor.h">
      <Filter>src</Filter>
    </ClInclude>
    <ClInclude Include="..\..\src\Draggable.h">
      <Filter>src</Filter>
    </ClInclude>
    <ClInclude Include="..\..\src\Event.h">
      <Filter>src</Filter>
    </ClInclude>
    <ClInclude Include="..\..\src\EventDispatcher.h">
      <Filter>src</Filter>
    </ClInclude>
    <ClInclude Include="..\..\src\Font.h">
      <Filter>src</Filter>
    </ClInclude>
    <ClInclude Include="..\..\src\InitActor.h">
      <Filter>src</Filter>
    </ClInclude>
    <ClInclude Include="..\..\src\Input.h">
      <Filter>src</Filter>
    </ClInclude>
    <ClInclude Include="..\..\src\MaskedSprite.h">
      <Filter>src</Filter>
    </ClInclude>
    <ClInclude Include="..\..\src\MemoryTexture.h">
      <Filter>src</Filter>
    </ClInclude>
    <ClInclude Include="..\..\src\oxygine-framework.h">
      <Filter>src</Filter>
    </ClInclude>
    <ClInclude Include="..\..\src\PointerState.h">
      <Filter>src</Filter>
    </ClInclude>
    <ClInclude Include="..\..\src\ProgressBar.h">
      <Filter>src</Filter>
    </ClInclude>
    <ClInclude Include="..\..\src\RenderState.h">
      <Filter>src</Filter>
    </ClInclude>
    <ClInclude Include="..\..\src\SlidingActor.h">
      <Filter>src</Filter>
    </ClInclude>
    <ClInclude Include="..\..\src\Sprite.h">
      <Filter>src</Filter>
    </ClInclude>
    <ClInclude Include="..\..\src\TextStyle.h">
      <Filter>src</Filter>
    </ClInclude>
    <ClInclude Include="..\..\src\Tweener.h">
      <Filter>src</Filter>
    </ClInclude>
    <ClInclude Include="..\..\src\UpdateState.h">
      <Filter>src</Filter>
    </ClInclude>
    <ClInclude Include="..\..\src\VisualStyle.h">
      <Filter>src</Filter>
    </ClInclude>
    <ClInclude Include="..\..\src\core\Restorable.h">
      <Filter>src\core</Filter>
    </ClInclude>
    <ClInclude Include="..\..\src\core\UberShaderProgram.h">
      <Filter>src\core</Filter>
    </ClInclude>
    <ClInclude Include="..\..\src\core\gl\ShaderProgramGL.h">
      <Filter>src\gl</Filter>
    </ClInclude>
    <ClInclude Include="..\..\src\InputText.h">
      <Filter>src</Filter>
    </ClInclude>
    <ClInclude Include="..\..\src\TextField.h">
      <Filter>src</Filter>
    </ClInclude>
    <ClInclude Include="..\..\src\Stage.h">
      <Filter>src</Filter>
    </ClInclude>
    <ClInclude Include="..\..\src\Polygon.h">
      <Filter>src</Filter>
    </ClInclude>
    <ClInclude Include="..\..\src\MaskedRenderer.h">
      <Filter>src</Filter>
    </ClInclude>
    <ClInclude Include="..\..\src\STDRenderer.h">
      <Filter>src</Filter>
    </ClInclude>
    <ClInclude Include="..\..\src\TweenQueue.h">
      <Filter>src</Filter>
    </ClInclude>
    <ClInclude Include="..\..\src\Tween.h">
      <Filter>src</Filter>
    </ClInclude>
    <ClInclude Include="..\..\src\Serializable.h">
      <Filter>src</Filter>
    </ClInclude>
    <ClInclude Include="..\..\src\Serialize.h">
      <Filter>src</Filter>
    </ClInclude>
    <ClInclude Include="..\..\src\TouchEvent.h">
      <Filter>src</Filter>
    </ClInclude>
    <ClInclude Include="..\..\src\KeyEvent.h">
      <Filter>src</Filter>
    </ClInclude>
    <ClInclude Include="..\..\src\Property.h">
      <Filter>src</Filter>
    </ClInclude>
    <ClInclude Include="..\..\src\AsyncTask.h">
      <Filter>src</Filter>
    </ClInclude>
    <ClInclude Include="..\..\src\WebImage.h">
      <Filter>src</Filter>
    </ClInclude>
    <ClInclude Include="..\..\src\HttpRequestTask.h">
      <Filter>src</Filter>
    </ClInclude>
    <ClInclude Include="..\..\src\core\curl\HttpRequestCurlTask.h">
      <Filter>src\core\curl</Filter>
    </ClInclude>
    <ClInclude Include="..\..\src\oxygine_include.h">
      <Filter>src</Filter>
    </ClInclude>
    <ClInclude Include="..\..\src\RootActor.h">
      <Filter>src</Filter>
    </ClInclude>
    <ClInclude Include="..\..\src\TweenAnim.h">
      <Filter>src</Filter>
    </ClInclude>
    <ClInclude Include="..\..\src\utils\cdecode.h">
      <Filter>src\utils</Filter>
    </ClInclude>
    <ClInclude Include="..\..\src\json\json.h">
      <Filter>src\json</Filter>
    </ClInclude>
    <ClInclude Include="..\..\src\json\json-forwards.h">
      <Filter>src\json</Filter>
    </ClInclude>
    <ClInclude Include="..\..\src\STDMaterial.h">
      <Filter>src</Filter>
    </ClInclude>
    <ClInclude Include="..\..\src\TweenAlphaFade.h">
      <Filter>src</Filter>
    </ClInclude>
    <ClInclude Include="..\..\src\Material.h">
      <Filter>src</Filter>
    </ClInclude>
    <ClInclude Include="..\..\src\res\ResAtlasGeneric.h">
      <Filter>src\res</Filter>
    </ClInclude>
    <ClInclude Include="..\..\src\res\ResAtlasPrebuilt.h">
      <Filter>src\res</Filter>
    </ClInclude>
    <ClInclude Include="..\..\src\ThreadLoader.h">
      <Filter>src</Filter>
    </ClInclude>
    <ClInclude Include="..\..\src\math\OBBox.h">
      <Filter>src\math</Filter>
    </ClInclude>
    <ClInclude Include="..\..\src\PostProcess.h">
      <Filter>src</Filter>
    </ClInclude>
    <ClInclude Include="..\..\src\TweenOutline.h">
      <Filter>src</Filter>
    </ClInclude>
    <ClInclude Include="..\..\src\core\ThreadDispatcher.h">
      <Filter>src\core</Filter>
    </ClInclude>
  </ItemGroup>
  <ItemGroup>
    <None Include="ReadMe.txt" />
  </ItemGroup>
</Project>